
Microsoft Visual Studio Solution File, Format Version 12.00
# Visual Studio 15
VisualStudioVersion = 15.0.26228.4
MinimumVisualStudioVersion = 10.0.40219.1
Project("{2150E333-8FDC-42A3-9474-1A3956D46DE8}") = "src", "src", "{BC42F49C-F758-4CEE-9138-B63BB67C0042}"
EndProject
Project("{2150E333-8FDC-42A3-9474-1A3956D46DE8}") = "tests", "tests", "{B97E7A26-C290-4BEC-9B14-3B0FBBABDBD0}"
EndProject
Project("{FAE04EC0-301F-11D3-BF4B-00C04F79EFBC}") = "Fun", "src\Fun\Fun.csproj", "{577B027A-C6D5-4BA8-A88F-59B79B7DEC7A}"
EndProject
Global
	GlobalSection(SolutionConfigurationPlatforms) = preSolution
		Debug|Any CPU = Debug|Any CPU
		Release|Any CPU = Release|Any CPU
	EndGlobalSection
	GlobalSection(ProjectConfigurationPlatforms) = postSolution
		{577B027A-C6D5-4BA8-A88F-59B79B7DEC7A}.Debug|Any CPU.ActiveCfg = Debug|Any CPU
		{577B027A-C6D5-4BA8-A88F-59B79B7DEC7A}.Debug|Any CPU.Build.0 = Debug|Any CPU
		{577B027A-C6D5-4BA8-A88F-59B79B7DEC7A}.Release|Any CPU.ActiveCfg = Release|Any CPU
		{577B027A-C6D5-4BA8-A88F-59B79B7DEC7A}.Release|Any CPU.Build.0 = Release|Any CPU
	EndGlobalSection
	GlobalSection(SolutionProperties) = preSolution
		HideSolutionNode = FALSE
	EndGlobalSection
	GlobalSection(NestedProjects) = preSolution
		{577B027A-C6D5-4BA8-A88F-59B79B7DEC7A} = {BC42F49C-F758-4CEE-9138-B63BB67C0042}
	EndGlobalSection
EndGlobal
