
Microsoft Visual Studio Solution File, Format Version 12.00
# Visual Studio 15
VisualStudioVersion = 15.0.26228.4
MinimumVisualStudioVersion = 10.0.40219.1
Project("{2150E333-8FDC-42A3-9474-1A3956D46DE8}") = ".paket", ".paket", "{53EA12D2-9959-413A-8430-14D4AF92C796}"
	ProjectSection(SolutionItems) = preProject
		.paket\paket.bootstrapper.exe = .paket\paket.bootstrapper.exe
		paket.dependencies = paket.dependencies
	EndProjectSection
EndProject
Project("{2150E333-8FDC-42A3-9474-1A3956D46DE8}") = "src", "src", "{BC42F49C-F758-4CEE-9138-B63BB67C0042}"
EndProject
Project("{2150E333-8FDC-42A3-9474-1A3956D46DE8}") = "tests", "tests", "{B97E7A26-C290-4BEC-9B14-3B0FBBABDBD0}"
EndProject
Project("{F2A71F9B-5D33-465A-A702-920D77279786}") = "Fun", "src\Fun\Fun.fsproj", "{EFA40C63-A4E9-4268-A94D-6082DF57D110}"
EndProject
Project("{F2A71F9B-5D33-465A-A702-920D77279786}") = "Fun.Parser", "src\Fun.Parser\Fun.Parser.fsproj", "{2AE5941F-E131-49AE-8FFA-05C9007A03FD}"
EndProject
Global
	GlobalSection(SolutionConfigurationPlatforms) = preSolution
		Debug|Any CPU = Debug|Any CPU
		Release|Any CPU = Release|Any CPU
	EndGlobalSection
	GlobalSection(ProjectConfigurationPlatforms) = postSolution
		{EFA40C63-A4E9-4268-A94D-6082DF57D110}.Debug|Any CPU.ActiveCfg = Debug|Any CPU
		{EFA40C63-A4E9-4268-A94D-6082DF57D110}.Debug|Any CPU.Build.0 = Debug|Any CPU
		{EFA40C63-A4E9-4268-A94D-6082DF57D110}.Release|Any CPU.ActiveCfg = Release|Any CPU
		{EFA40C63-A4E9-4268-A94D-6082DF57D110}.Release|Any CPU.Build.0 = Release|Any CPU
		{2AE5941F-E131-49AE-8FFA-05C9007A03FD}.Debug|Any CPU.ActiveCfg = Debug|Any CPU
		{2AE5941F-E131-49AE-8FFA-05C9007A03FD}.Debug|Any CPU.Build.0 = Debug|Any CPU
		{2AE5941F-E131-49AE-8FFA-05C9007A03FD}.Release|Any CPU.ActiveCfg = Release|Any CPU
		{2AE5941F-E131-49AE-8FFA-05C9007A03FD}.Release|Any CPU.Build.0 = Release|Any CPU
	EndGlobalSection
	GlobalSection(SolutionProperties) = preSolution
		HideSolutionNode = FALSE
	EndGlobalSection
	GlobalSection(NestedProjects) = preSolution
		{EFA40C63-A4E9-4268-A94D-6082DF57D110} = {BC42F49C-F758-4CEE-9138-B63BB67C0042}
		{2AE5941F-E131-49AE-8FFA-05C9007A03FD} = {BC42F49C-F758-4CEE-9138-B63BB67C0042}
	EndGlobalSection
EndGlobal
